
Microsoft Visual Studio Solution File, Format Version 12.00
# Visual Studio Version 17
VisualStudioVersion = 17.1.32328.378
MinimumVisualStudioVersion = 10.0.40219.1
Project("{2150E333-8FDC-42A3-9474-1A3956D46DE8}") = "Common", "Common", "{FD2A2E33-8080-4655-A4BA-018447216D3F}"
EndProject
Project("{2150E333-8FDC-42A3-9474-1A3956D46DE8}") = "WebApp", "WebApp", "{5035BAB9-6E3C-4BDF-BEBD-22A25617A781}"
EndProject
Project("{2150E333-8FDC-42A3-9474-1A3956D46DE8}") = "Constant", "Constant", "{FF47927F-1BC0-4063-9DA1-2DD266D88FC1}"
EndProject
Project("{2150E333-8FDC-42A3-9474-1A3956D46DE8}") = "Enum", "Enum", "{B38DCE1F-1FC7-4293-8B8E-59E2F2BD94DE}"
EndProject
Project("{2150E333-8FDC-42A3-9474-1A3956D46DE8}") = "Models", "Models", "{FA5EB1F3-6A5A-4504-B11B-A7593C9B6B89}"
EndProject
Project("{2150E333-8FDC-42A3-9474-1A3956D46DE8}") = "Libraries", "Libraries", "{0E22A993-3AE5-4002-9A77-9000CF971DA9}"
EndProject
Project("{2150E333-8FDC-42A3-9474-1A3956D46DE8}") = "1_WebAPI", "1_WebAPI", "{82D979B1-2B75-4E5C-A00F-D4D8122C9876}"
EndProject
Project("{2150E333-8FDC-42A3-9474-1A3956D46DE8}") = "2_Services", "2_Services", "{2CA96AE1-95C7-4BFF-B4D5-CF0C3BC00E3F}"
EndProject
Project("{2150E333-8FDC-42A3-9474-1A3956D46DE8}") = "3_BusisnessLogic", "3_BusisnessLogic", "{001C2296-3487-494A-8192-516E0EB81B0B}"
EndProject
Project("{2150E333-8FDC-42A3-9474-1A3956D46DE8}") = "4_Repository", "4_Repository", "{369CFFD3-D4B3-44AB-9540-1F15249CC218}"
EndProject
Project("{FAE04EC0-301F-11D3-BF4B-00C04F79EFBC}") = "CarAPI.WebApp.1_WebAPI", "CarAPI.WebApp.1_WebAPI\CarAPI.WebApp.1_WebAPI.csproj", "{0E81897E-D398-4505-BC1F-EB007D0A621A}"
EndProject
Project("{FAE04EC0-301F-11D3-BF4B-00C04F79EFBC}") = "CarAPI.WebApp.2_Services", "CarAPI.WebApp.2_Services\CarAPI.WebApp.2_Services.csproj", "{32334371-0961-4276-A428-2303E6CF0D21}"
EndProject
Project("{FAE04EC0-301F-11D3-BF4B-00C04F79EFBC}") = "CarAPI.WebApp.3_BusisnessLogic", "CarAPI.WebApp.3_BusisnessLogic\CarAPI.WebApp.3_BusisnessLogic.csproj", "{44C3FF50-BBA2-4771-96DD-BF44EAFEDD0E}"
EndProject
Project("{FAE04EC0-301F-11D3-BF4B-00C04F79EFBC}") = "CarAPI.WebApp.4_Repository", "CarAPI.WebApp.4_Repository\CarAPI.WebApp.4_Repository.csproj", "{78A95014-C525-47E1-A52B-E366B9A443A9}"
EndProject
Project("{FAE04EC0-301F-11D3-BF4B-00C04F79EFBC}") = "CarAPI.Common.Models", "CarAPI.Commom.Models\CarAPI.Common.Models.csproj", "{F9BF4D6F-A669-4BFB-A534-36C072CB967F}"
EndProject
Project("{FAE04EC0-301F-11D3-BF4B-00C04F79EFBC}") = "CarAPI.Common.Enum", "CarAPI.Common.Enum\CarAPI.Common.Enum.csproj", "{133F4825-7C04-439A-AA67-05C96AD327CA}"
EndProject
Global
	GlobalSection(SolutionConfigurationPlatforms) = preSolution
		Debug|Any CPU = Debug|Any CPU
		Release|Any CPU = Release|Any CPU
	EndGlobalSection
	GlobalSection(ProjectConfigurationPlatforms) = postSolution
		{0E81897E-D398-4505-BC1F-EB007D0A621A}.Debug|Any CPU.ActiveCfg = Debug|Any CPU
		{0E81897E-D398-4505-BC1F-EB007D0A621A}.Debug|Any CPU.Build.0 = Debug|Any CPU
		{0E81897E-D398-4505-BC1F-EB007D0A621A}.Release|Any CPU.ActiveCfg = Release|Any CPU
		{0E81897E-D398-4505-BC1F-EB007D0A621A}.Release|Any CPU.Build.0 = Release|Any CPU
		{32334371-0961-4276-A428-2303E6CF0D21}.Debug|Any CPU.ActiveCfg = Debug|Any CPU
		{32334371-0961-4276-A428-2303E6CF0D21}.Debug|Any CPU.Build.0 = Debug|Any CPU
		{32334371-0961-4276-A428-2303E6CF0D21}.Release|Any CPU.ActiveCfg = Release|Any CPU
		{32334371-0961-4276-A428-2303E6CF0D21}.Release|Any CPU.Build.0 = Release|Any CPU
		{44C3FF50-BBA2-4771-96DD-BF44EAFEDD0E}.Debug|Any CPU.ActiveCfg = Debug|Any CPU
		{44C3FF50-BBA2-4771-96DD-BF44EAFEDD0E}.Debug|Any CPU.Build.0 = Debug|Any CPU
		{44C3FF50-BBA2-4771-96DD-BF44EAFEDD0E}.Release|Any CPU.ActiveCfg = Release|Any CPU
		{44C3FF50-BBA2-4771-96DD-BF44EAFEDD0E}.Release|Any CPU.Build.0 = Release|Any CPU
		{78A95014-C525-47E1-A52B-E366B9A443A9}.Debug|Any CPU.ActiveCfg = Debug|Any CPU
		{78A95014-C525-47E1-A52B-E366B9A443A9}.Debug|Any CPU.Build.0 = Debug|Any CPU
		{78A95014-C525-47E1-A52B-E366B9A443A9}.Release|Any CPU.ActiveCfg = Release|Any CPU
		{78A95014-C525-47E1-A52B-E366B9A443A9}.Release|Any CPU.Build.0 = Release|Any CPU
		{F9BF4D6F-A669-4BFB-A534-36C072CB967F}.Debug|Any CPU.ActiveCfg = Debug|Any CPU
		{F9BF4D6F-A669-4BFB-A534-36C072CB967F}.Debug|Any CPU.Build.0 = Debug|Any CPU
		{F9BF4D6F-A669-4BFB-A534-36C072CB967F}.Release|Any CPU.ActiveCfg = Release|Any CPU
		{F9BF4D6F-A669-4BFB-A534-36C072CB967F}.Release|Any CPU.Build.0 = Release|Any CPU
		{133F4825-7C04-439A-AA67-05C96AD327CA}.Debug|Any CPU.ActiveCfg = Debug|Any CPU
		{133F4825-7C04-439A-AA67-05C96AD327CA}.Debug|Any CPU.Build.0 = Debug|Any CPU
		{133F4825-7C04-439A-AA67-05C96AD327CA}.Release|Any CPU.ActiveCfg = Release|Any CPU
		{133F4825-7C04-439A-AA67-05C96AD327CA}.Release|Any CPU.Build.0 = Release|Any CPU
	EndGlobalSection
	GlobalSection(SolutionProperties) = preSolution
		HideSolutionNode = FALSE
	EndGlobalSection
	GlobalSection(NestedProjects) = preSolution
		{FF47927F-1BC0-4063-9DA1-2DD266D88FC1} = {FD2A2E33-8080-4655-A4BA-018447216D3F}
		{B38DCE1F-1FC7-4293-8B8E-59E2F2BD94DE} = {FD2A2E33-8080-4655-A4BA-018447216D3F}
		{FA5EB1F3-6A5A-4504-B11B-A7593C9B6B89} = {FD2A2E33-8080-4655-A4BA-018447216D3F}
		{0E22A993-3AE5-4002-9A77-9000CF971DA9} = {FD2A2E33-8080-4655-A4BA-018447216D3F}
		{82D979B1-2B75-4E5C-A00F-D4D8122C9876} = {5035BAB9-6E3C-4BDF-BEBD-22A25617A781}
		{2CA96AE1-95C7-4BFF-B4D5-CF0C3BC00E3F} = {5035BAB9-6E3C-4BDF-BEBD-22A25617A781}
		{001C2296-3487-494A-8192-516E0EB81B0B} = {5035BAB9-6E3C-4BDF-BEBD-22A25617A781}
		{369CFFD3-D4B3-44AB-9540-1F15249CC218} = {5035BAB9-6E3C-4BDF-BEBD-22A25617A781}
		{0E81897E-D398-4505-BC1F-EB007D0A621A} = {82D979B1-2B75-4E5C-A00F-D4D8122C9876}
		{32334371-0961-4276-A428-2303E6CF0D21} = {2CA96AE1-95C7-4BFF-B4D5-CF0C3BC00E3F}
		{44C3FF50-BBA2-4771-96DD-BF44EAFEDD0E} = {001C2296-3487-494A-8192-516E0EB81B0B}
		{78A95014-C525-47E1-A52B-E366B9A443A9} = {369CFFD3-D4B3-44AB-9540-1F15249CC218}
		{F9BF4D6F-A669-4BFB-A534-36C072CB967F} = {FA5EB1F3-6A5A-4504-B11B-A7593C9B6B89}
		{133F4825-7C04-439A-AA67-05C96AD327CA} = {B38DCE1F-1FC7-4293-8B8E-59E2F2BD94DE}
	EndGlobalSection
	GlobalSection(ExtensibilityGlobals) = postSolution
		SolutionGuid = {019DCB1A-1F37-4C03-A22F-7BEFFE7916F4}
	EndGlobalSection
EndGlobal
