
Microsoft Visual Studio Solution File, Format Version 12.00
# Visual Studio Version 17
VisualStudioVersion = 17.1.32210.238
MinimumVisualStudioVersion = 10.0.40219.1
Project("{FAE04EC0-301F-11D3-BF4B-00C04F79EFBC}") = "DemoMVC", "DemoMVC.csproj", "{13C84FAE-19F0-4BD1-B41C-3FABEBF72265}"
EndProject
Global
	GlobalSection(SolutionConfigurationPlatforms) = preSolution
		Debug|Any CPU = Debug|Any CPU
		Release|Any CPU = Release|Any CPU
	EndGlobalSection
	GlobalSection(ProjectConfigurationPlatforms) = postSolution
		{13C84FAE-19F0-4BD1-B41C-3FABEBF72265}.Debug|Any CPU.ActiveCfg = Debug|Any CPU
		{13C84FAE-19F0-4BD1-B41C-3FABEBF72265}.Debug|Any CPU.Build.0 = Debug|Any CPU
		{13C84FAE-19F0-4BD1-B41C-3FABEBF72265}.Release|Any CPU.ActiveCfg = Release|Any CPU
		{13C84FAE-19F0-4BD1-B41C-3FABEBF72265}.Release|Any CPU.Build.0 = Release|Any CPU
	EndGlobalSection
	GlobalSection(SolutionProperties) = preSolution
		HideSolutionNode = FALSE
	EndGlobalSection
	GlobalSection(ExtensibilityGlobals) = postSolution
		SolutionGuid = {C5694BFE-4D20-43A1-9CCA-8F9FC60A6FC6}
	EndGlobalSection
EndGlobal
